
Microsoft Visual Studio Solution File, Format Version 12.00
# Visual Studio Version 16
VisualStudioVersion = 16.0.30907.101
MinimumVisualStudioVersion = 10.0.40219.1
Project("{FAE04EC0-301F-11D3-BF4B-00C04F79EFBC}") = "HelloWorldWndowsForm", "HelloWorldWndowsForm\HelloWorldWndowsForm.csproj", "{62869EA4-FCCA-4FDD-918D-3E349C564C0F}"
EndProject
Global
	GlobalSection(SolutionConfigurationPlatforms) = preSolution
		Debug|Any CPU = Debug|Any CPU
		Release|Any CPU = Release|Any CPU
	EndGlobalSection
	GlobalSection(ProjectConfigurationPlatforms) = postSolution
		{62869EA4-FCCA-4FDD-918D-3E349C564C0F}.Debug|Any CPU.ActiveCfg = Debug|Any CPU
		{62869EA4-FCCA-4FDD-918D-3E349C564C0F}.Debug|Any CPU.Build.0 = Debug|Any CPU
		{62869EA4-FCCA-4FDD-918D-3E349C564C0F}.Release|Any CPU.ActiveCfg = Release|Any CPU
		{62869EA4-FCCA-4FDD-918D-3E349C564C0F}.Release|Any CPU.Build.0 = Release|Any CPU
	EndGlobalSection
	GlobalSection(SolutionProperties) = preSolution
		HideSolutionNode = FALSE
	EndGlobalSection
	GlobalSection(ExtensibilityGlobals) = postSolution
		SolutionGuid = {D5173D94-8855-439A-9334-70FD6DDACC24}
	EndGlobalSection
EndGlobal
