
Microsoft Visual Studio Solution File, Format Version 12.00
# Visual Studio Version 16
VisualStudioVersion = 16.0.30907.101
MinimumVisualStudioVersion = 10.0.40219.1
Project("{FAE04EC0-301F-11D3-BF4B-00C04F79EFBC}") = "BinarySearchCApp", "BinarySearchCApp\BinarySearchCApp.csproj", "{886F60CF-CBAC-4D1F-A183-5314129B233A}"
EndProject
Global
	GlobalSection(SolutionConfigurationPlatforms) = preSolution
		Debug|Any CPU = Debug|Any CPU
		Release|Any CPU = Release|Any CPU
	EndGlobalSection
	GlobalSection(ProjectConfigurationPlatforms) = postSolution
		{886F60CF-CBAC-4D1F-A183-5314129B233A}.Debug|Any CPU.ActiveCfg = Debug|Any CPU
		{886F60CF-CBAC-4D1F-A183-5314129B233A}.Debug|Any CPU.Build.0 = Debug|Any CPU
		{886F60CF-CBAC-4D1F-A183-5314129B233A}.Release|Any CPU.ActiveCfg = Release|Any CPU
		{886F60CF-CBAC-4D1F-A183-5314129B233A}.Release|Any CPU.Build.0 = Release|Any CPU
	EndGlobalSection
	GlobalSection(SolutionProperties) = preSolution
		HideSolutionNode = FALSE
	EndGlobalSection
	GlobalSection(ExtensibilityGlobals) = postSolution
		SolutionGuid = {40312FC9-C0B9-43A3-8F13-5699E8AD5B80}
	EndGlobalSection
EndGlobal
