
Microsoft Visual Studio Solution File, Format Version 12.00
# Visual Studio Version 16
VisualStudioVersion = 16.0.30907.101
MinimumVisualStudioVersion = 10.0.40219.1
Project("{FAE04EC0-301F-11D3-BF4B-00C04F79EFBC}") = "ArrayList1App", "ArrayList1App\ArrayList1App.csproj", "{86BEAF09-EB8E-4EDD-8055-D28B1069112A}"
EndProject
Global
	GlobalSection(SolutionConfigurationPlatforms) = preSolution
		Debug|Any CPU = Debug|Any CPU
		Release|Any CPU = Release|Any CPU
	EndGlobalSection
	GlobalSection(ProjectConfigurationPlatforms) = postSolution
		{86BEAF09-EB8E-4EDD-8055-D28B1069112A}.Debug|Any CPU.ActiveCfg = Debug|Any CPU
		{86BEAF09-EB8E-4EDD-8055-D28B1069112A}.Debug|Any CPU.Build.0 = Debug|Any CPU
		{86BEAF09-EB8E-4EDD-8055-D28B1069112A}.Release|Any CPU.ActiveCfg = Release|Any CPU
		{86BEAF09-EB8E-4EDD-8055-D28B1069112A}.Release|Any CPU.Build.0 = Release|Any CPU
	EndGlobalSection
	GlobalSection(SolutionProperties) = preSolution
		HideSolutionNode = FALSE
	EndGlobalSection
	GlobalSection(ExtensibilityGlobals) = postSolution
		SolutionGuid = {F09FEA72-F9D2-45C7-BE16-9D1F7FA523FC}
	EndGlobalSection
EndGlobal
