
Microsoft Visual Studio Solution File, Format Version 12.00
# Visual Studio Version 16
VisualStudioVersion = 16.0.30907.101
MinimumVisualStudioVersion = 10.0.40219.1
Project("{FAE04EC0-301F-11D3-BF4B-00C04F79EFBC}") = "CalculatorWinFormApp", "CalculatorWinFormApp\CalculatorWinFormApp.csproj", "{01442FD6-E2AE-4B71-AF6B-689377A6736D}"
EndProject
Global
	GlobalSection(SolutionConfigurationPlatforms) = preSolution
		Debug|Any CPU = Debug|Any CPU
		Release|Any CPU = Release|Any CPU
	EndGlobalSection
	GlobalSection(ProjectConfigurationPlatforms) = postSolution
		{01442FD6-E2AE-4B71-AF6B-689377A6736D}.Debug|Any CPU.ActiveCfg = Debug|Any CPU
		{01442FD6-E2AE-4B71-AF6B-689377A6736D}.Debug|Any CPU.Build.0 = Debug|Any CPU
		{01442FD6-E2AE-4B71-AF6B-689377A6736D}.Release|Any CPU.ActiveCfg = Release|Any CPU
		{01442FD6-E2AE-4B71-AF6B-689377A6736D}.Release|Any CPU.Build.0 = Release|Any CPU
	EndGlobalSection
	GlobalSection(SolutionProperties) = preSolution
		HideSolutionNode = FALSE
	EndGlobalSection
	GlobalSection(ExtensibilityGlobals) = postSolution
		SolutionGuid = {0DE744A1-05B5-4521-9F6C-83369ACCEDE7}
	EndGlobalSection
EndGlobal
