
Microsoft Visual Studio Solution File, Format Version 12.00
# Visual Studio Version 16
VisualStudioVersion = 16.0.30907.101
MinimumVisualStudioVersion = 10.0.40219.1
Project("{FAE04EC0-301F-11D3-BF4B-00C04F79EFBC}") = "HashtableApp", "HashtableApp\HashtableApp.csproj", "{907A8C15-F8C4-4D26-8DB2-83E792A85E02}"
EndProject
Global
	GlobalSection(SolutionConfigurationPlatforms) = preSolution
		Debug|Any CPU = Debug|Any CPU
		Release|Any CPU = Release|Any CPU
	EndGlobalSection
	GlobalSection(ProjectConfigurationPlatforms) = postSolution
		{907A8C15-F8C4-4D26-8DB2-83E792A85E02}.Debug|Any CPU.ActiveCfg = Debug|Any CPU
		{907A8C15-F8C4-4D26-8DB2-83E792A85E02}.Debug|Any CPU.Build.0 = Debug|Any CPU
		{907A8C15-F8C4-4D26-8DB2-83E792A85E02}.Release|Any CPU.ActiveCfg = Release|Any CPU
		{907A8C15-F8C4-4D26-8DB2-83E792A85E02}.Release|Any CPU.Build.0 = Release|Any CPU
	EndGlobalSection
	GlobalSection(SolutionProperties) = preSolution
		HideSolutionNode = FALSE
	EndGlobalSection
	GlobalSection(ExtensibilityGlobals) = postSolution
		SolutionGuid = {B811EDA1-C317-442B-8452-E90330794890}
	EndGlobalSection
EndGlobal
