
Microsoft Visual Studio Solution File, Format Version 12.00
# Visual Studio Version 16
VisualStudioVersion = 16.0.30907.101
MinimumVisualStudioVersion = 10.0.40219.1
Project("{FAE04EC0-301F-11D3-BF4B-00C04F79EFBC}") = "PersonalInfoWinFormApp", "PersonalInfoWinFormApp\PersonalInfoWinFormApp.csproj", "{742F7EF8-77B0-4F21-9828-D772B6125E21}"
EndProject
Global
	GlobalSection(SolutionConfigurationPlatforms) = preSolution
		Debug|Any CPU = Debug|Any CPU
		Release|Any CPU = Release|Any CPU
	EndGlobalSection
	GlobalSection(ProjectConfigurationPlatforms) = postSolution
		{742F7EF8-77B0-4F21-9828-D772B6125E21}.Debug|Any CPU.ActiveCfg = Debug|Any CPU
		{742F7EF8-77B0-4F21-9828-D772B6125E21}.Debug|Any CPU.Build.0 = Debug|Any CPU
		{742F7EF8-77B0-4F21-9828-D772B6125E21}.Release|Any CPU.ActiveCfg = Release|Any CPU
		{742F7EF8-77B0-4F21-9828-D772B6125E21}.Release|Any CPU.Build.0 = Release|Any CPU
	EndGlobalSection
	GlobalSection(SolutionProperties) = preSolution
		HideSolutionNode = FALSE
	EndGlobalSection
	GlobalSection(ExtensibilityGlobals) = postSolution
		SolutionGuid = {591F605C-BB09-4978-A8E8-D4EA77378190}
	EndGlobalSection
EndGlobal
