
Microsoft Visual Studio Solution File, Format Version 12.00
# Visual Studio Version 16
VisualStudioVersion = 16.0.30907.101
MinimumVisualStudioVersion = 10.0.40219.1
Project("{FAE04EC0-301F-11D3-BF4B-00C04F79EFBC}") = "QueueIntoApp", "QueueIntoApp\QueueIntoApp.csproj", "{411721D4-9E93-44F0-A46C-E4EB8569BC59}"
EndProject
Global
	GlobalSection(SolutionConfigurationPlatforms) = preSolution
		Debug|Any CPU = Debug|Any CPU
		Release|Any CPU = Release|Any CPU
	EndGlobalSection
	GlobalSection(ProjectConfigurationPlatforms) = postSolution
		{411721D4-9E93-44F0-A46C-E4EB8569BC59}.Debug|Any CPU.ActiveCfg = Debug|Any CPU
		{411721D4-9E93-44F0-A46C-E4EB8569BC59}.Debug|Any CPU.Build.0 = Debug|Any CPU
		{411721D4-9E93-44F0-A46C-E4EB8569BC59}.Release|Any CPU.ActiveCfg = Release|Any CPU
		{411721D4-9E93-44F0-A46C-E4EB8569BC59}.Release|Any CPU.Build.0 = Release|Any CPU
	EndGlobalSection
	GlobalSection(SolutionProperties) = preSolution
		HideSolutionNode = FALSE
	EndGlobalSection
	GlobalSection(ExtensibilityGlobals) = postSolution
		SolutionGuid = {BF8A342E-C557-45A5-BB79-9EBC8156A5FA}
	EndGlobalSection
EndGlobal
