
Microsoft Visual Studio Solution File, Format Version 12.00
# Visual Studio Version 16
VisualStudioVersion = 16.0.30907.101
MinimumVisualStudioVersion = 10.0.40219.1
Project("{FAE04EC0-301F-11D3-BF4B-00C04F79EFBC}") = "ConditionalStatementApp", "ConditionalStatementApp\ConditionalStatementApp.csproj", "{629FDBA5-DA3E-45E4-8134-5F3A72B42246}"
EndProject
Global
	GlobalSection(SolutionConfigurationPlatforms) = preSolution
		Debug|Any CPU = Debug|Any CPU
		Release|Any CPU = Release|Any CPU
	EndGlobalSection
	GlobalSection(ProjectConfigurationPlatforms) = postSolution
		{629FDBA5-DA3E-45E4-8134-5F3A72B42246}.Debug|Any CPU.ActiveCfg = Debug|Any CPU
		{629FDBA5-DA3E-45E4-8134-5F3A72B42246}.Debug|Any CPU.Build.0 = Debug|Any CPU
		{629FDBA5-DA3E-45E4-8134-5F3A72B42246}.Release|Any CPU.ActiveCfg = Release|Any CPU
		{629FDBA5-DA3E-45E4-8134-5F3A72B42246}.Release|Any CPU.Build.0 = Release|Any CPU
	EndGlobalSection
	GlobalSection(SolutionProperties) = preSolution
		HideSolutionNode = FALSE
	EndGlobalSection
	GlobalSection(ExtensibilityGlobals) = postSolution
		SolutionGuid = {F2DC7691-8E2D-40C9-BC95-D6525E98EF6A}
	EndGlobalSection
EndGlobal
