
Microsoft Visual Studio Solution File, Format Version 12.00
# Visual Studio Version 16
VisualStudioVersion = 16.0.30907.101
MinimumVisualStudioVersion = 10.0.40219.1
Project("{FAE04EC0-301F-11D3-BF4B-00C04F79EFBC}") = "FoodOrderWinFormApp", "FoodOrderWinFormApp\FoodOrderWinFormApp.csproj", "{A86BC496-4969-4C6B-9732-E89719E2BF02}"
EndProject
Global
	GlobalSection(SolutionConfigurationPlatforms) = preSolution
		Debug|Any CPU = Debug|Any CPU
		Release|Any CPU = Release|Any CPU
	EndGlobalSection
	GlobalSection(ProjectConfigurationPlatforms) = postSolution
		{A86BC496-4969-4C6B-9732-E89719E2BF02}.Debug|Any CPU.ActiveCfg = Debug|Any CPU
		{A86BC496-4969-4C6B-9732-E89719E2BF02}.Debug|Any CPU.Build.0 = Debug|Any CPU
		{A86BC496-4969-4C6B-9732-E89719E2BF02}.Release|Any CPU.ActiveCfg = Release|Any CPU
		{A86BC496-4969-4C6B-9732-E89719E2BF02}.Release|Any CPU.Build.0 = Release|Any CPU
	EndGlobalSection
	GlobalSection(SolutionProperties) = preSolution
		HideSolutionNode = FALSE
	EndGlobalSection
	GlobalSection(ExtensibilityGlobals) = postSolution
		SolutionGuid = {4108F1DE-D660-4F80-A58E-5E1E709DCADA}
	EndGlobalSection
EndGlobal
