
Microsoft Visual Studio Solution File, Format Version 12.00
# Visual Studio Version 16
VisualStudioVersion = 16.0.30907.101
MinimumVisualStudioVersion = 10.0.40219.1
Project("{FAE04EC0-301F-11D3-BF4B-00C04F79EFBC}") = "ArrayListApp", "ArrayListApp\ArrayListApp.csproj", "{3B2E3BCD-94AC-4A92-8518-4A3DE20847B9}"
EndProject
Global
	GlobalSection(SolutionConfigurationPlatforms) = preSolution
		Debug|Any CPU = Debug|Any CPU
		Release|Any CPU = Release|Any CPU
	EndGlobalSection
	GlobalSection(ProjectConfigurationPlatforms) = postSolution
		{3B2E3BCD-94AC-4A92-8518-4A3DE20847B9}.Debug|Any CPU.ActiveCfg = Debug|Any CPU
		{3B2E3BCD-94AC-4A92-8518-4A3DE20847B9}.Debug|Any CPU.Build.0 = Debug|Any CPU
		{3B2E3BCD-94AC-4A92-8518-4A3DE20847B9}.Release|Any CPU.ActiveCfg = Release|Any CPU
		{3B2E3BCD-94AC-4A92-8518-4A3DE20847B9}.Release|Any CPU.Build.0 = Release|Any CPU
	EndGlobalSection
	GlobalSection(SolutionProperties) = preSolution
		HideSolutionNode = FALSE
	EndGlobalSection
	GlobalSection(ExtensibilityGlobals) = postSolution
		SolutionGuid = {B33BD20D-B476-4F67-8AAA-56BB88F99D1C}
	EndGlobalSection
EndGlobal
